<?xml version="1.0" encoding="utf-8"?>
<Project ToolsVersion="Current" xmlns="http://schemas.microsoft.com/developer/msbuild/2003">
  <ItemGroup>
    <ClInclude Include="Headers\Main.h" />
    <ClInclude Include="Headers\Menu.h" />
    <ClInclude Include="Headers\SocketObject.h" />
    <ClInclude Include="Headers\MasterSocket.h" />
    <ClInclude Include="Headers\DataBaseConnect.h" />
    <ClInclude Include="Libraries\json.hpp" />
    <ClInclude Include="Headers\JsonObjectArray.h" />
    <ClInclude Include="Headers\JsonSingleData.h" />
  </ItemGroup>
  <ItemGroup>
    <ClCompile Include="Clases\Main.cpp" />
    <ClCompile Include="Clases\Menu.cpp" />
    <ClCompile Include="Clases\SocketObject.cpp" />
    <ClCompile Include="Clases\MasterSocket.cpp" />
    <ClCompile Include="Clases\DataBaseConnect.cpp" />
    <ClCompile Include="Clases\JsonObjectArray.cpp" />
    <ClCompile Include="Clases\JsonSingleData.cpp" />
  </ItemGroup>
</Project>